{
  "name": "decompressor",
  "version": "1.0.0",
  "lockfileVersion": 1,
  "requires": true,
  "dependencies": {
    "ejs": {
      "version": "2.5.9",
      "resolved": "https://registry.npmjs.org/ejs/-/ejs-2.5.9.tgz",
      "integrity": "sha512-GJCAeDBKfREgkBtgrYSf9hQy9kTb3helv0zGdzqhM7iAkW8FA/ZF97VQDbwFiwIT8MQLLOe5VlPZOEvZAqtUAQ=="
    },
    "match-recursive": {
      "version": "0.1.1",
      "resolved": "https://registry.npmjs.org/match-recursive/-/match-recursive-0.1.1.tgz",
      "integrity": "sha1-KlfJvhGvcXJ7yIcw8Otu9Mj2jlg="
    }
  }
}
